
Microsoft Visual Studio Solution File, Format Version 12.00
# Visual Studio Version 17
VisualStudioVersion = 17.8.34330.188
MinimumVisualStudioVersion = 10.0.40219.1
Project("{888888A0-9F3D-457C-B088-3A5042F75D52}") = "Snake_AI", "Snake_AI.pyproj", "{78D533DB-1D59-4F3E-BF8B-8BCEE9B0AD2E}"
EndProject
Global
	GlobalSection(SolutionConfigurationPlatforms) = preSolution
		Debug|Any CPU = Debug|Any CPU
		Release|Any CPU = Release|Any CPU
	EndGlobalSection
	GlobalSection(ProjectConfigurationPlatforms) = postSolution
		{78D533DB-1D59-4F3E-BF8B-8BCEE9B0AD2E}.Debug|Any CPU.ActiveCfg = Debug|Any CPU
		{78D533DB-1D59-4F3E-BF8B-8BCEE9B0AD2E}.Release|Any CPU.ActiveCfg = Release|Any CPU
	EndGlobalSection
	GlobalSection(SolutionProperties) = preSolution
		HideSolutionNode = FALSE
	EndGlobalSection
	GlobalSection(ExtensibilityGlobals) = postSolution
		SolutionGuid = {AF8ACC68-7CA2-45BD-A593-CF96E7319275}
	EndGlobalSection
EndGlobal
